
Microsoft Visual Studio Solution File, Format Version 12.00
# Visual Studio Version 17
VisualStudioVersion = 17.3.32929.385
MinimumVisualStudioVersion = 10.0.40219.1
Project("{FAE04EC0-301F-11D3-BF4B-00C04F79EFBC}") = "SuperHeroAPI", "SuperHeroAPI\SuperHeroAPI.csproj", "{9F5C88F4-D737-4BE8-BF2C-B7CB05478725}"
EndProject
Global
	GlobalSection(SolutionConfigurationPlatforms) = preSolution
		Debug|Any CPU = Debug|Any CPU
		Release|Any CPU = Release|Any CPU
	EndGlobalSection
	GlobalSection(ProjectConfigurationPlatforms) = postSolution
		{9F5C88F4-D737-4BE8-BF2C-B7CB05478725}.Debug|Any CPU.ActiveCfg = Debug|Any CPU
		{9F5C88F4-D737-4BE8-BF2C-B7CB05478725}.Debug|Any CPU.Build.0 = Debug|Any CPU
		{9F5C88F4-D737-4BE8-BF2C-B7CB05478725}.Release|Any CPU.ActiveCfg = Release|Any CPU
		{9F5C88F4-D737-4BE8-BF2C-B7CB05478725}.Release|Any CPU.Build.0 = Release|Any CPU
	EndGlobalSection
	GlobalSection(SolutionProperties) = preSolution
		HideSolutionNode = FALSE
	EndGlobalSection
	GlobalSection(ExtensibilityGlobals) = postSolution
		SolutionGuid = {B4F863A3-B40F-4CF2-BB77-E521B72C4E86}
	EndGlobalSection
EndGlobal
